
Microsoft Visual Studio Solution File, Format Version 12.00
# Visual Studio Version 17
VisualStudioVersion = 17.14.36301.6 d17.14
MinimumVisualStudioVersion = 10.0.40219.1
Project("{FAE04EC0-301F-11D3-BF4B-00C04F79EFBC}") = "cobraPoc", "cobraPoc.csproj", "{2D5AADBD-A4C6-B003-3877-C4FE3B0D1E66}"
EndProject
Global
	GlobalSection(SolutionConfigurationPlatforms) = preSolution
		Debug|Any CPU = Debug|Any CPU
		Release|Any CPU = Release|Any CPU
	EndGlobalSection
	GlobalSection(ProjectConfigurationPlatforms) = postSolution
		{2D5AADBD-A4C6-B003-3877-C4FE3B0D1E66}.Debug|Any CPU.ActiveCfg = Debug|Any CPU
		{2D5AADBD-A4C6-B003-3877-C4FE3B0D1E66}.Debug|Any CPU.Build.0 = Debug|Any CPU
		{2D5AADBD-A4C6-B003-3877-C4FE3B0D1E66}.Release|Any CPU.ActiveCfg = Release|Any CPU
		{2D5AADBD-A4C6-B003-3877-C4FE3B0D1E66}.Release|Any CPU.Build.0 = Release|Any CPU
	EndGlobalSection
	GlobalSection(SolutionProperties) = preSolution
		HideSolutionNode = FALSE
	EndGlobalSection
	GlobalSection(ExtensibilityGlobals) = postSolution
		SolutionGuid = {90AE0631-A85A-43B0-93E3-AD036A6EB15F}
	EndGlobalSection
EndGlobal
